
Microsoft Visual Studio Solution File, Format Version 12.00
# Visual Studio Version 17
VisualStudioVersion = 17.14.36221.1 d17.14
MinimumVisualStudioVersion = 10.0.40219.1
Project("{FAE04EC0-301F-11D3-BF4B-00C04F79EFBC}") = "WorkFlow", "WorkFlow\WorkFlow.csproj", "{81A5B073-ABFE-47A3-AF72-45056A644105}"
EndProject
Project("{FAE04EC0-301F-11D3-BF4B-00C04F79EFBC}") = "TestProject1", "TestProject1\TestProject1.csproj", "{86393982-2FB1-47A8-9E24-040A5F4BFB7D}"
EndProject
Global
	GlobalSection(SolutionConfigurationPlatforms) = preSolution
		Debug|Any CPU = Debug|Any CPU
		Release|Any CPU = Release|Any CPU
	EndGlobalSection
	GlobalSection(ProjectConfigurationPlatforms) = postSolution
		{81A5B073-ABFE-47A3-AF72-45056A644105}.Debug|Any CPU.ActiveCfg = Debug|Any CPU
		{81A5B073-ABFE-47A3-AF72-45056A644105}.Debug|Any CPU.Build.0 = Debug|Any CPU
		{81A5B073-ABFE-47A3-AF72-45056A644105}.Release|Any CPU.ActiveCfg = Release|Any CPU
		{81A5B073-ABFE-47A3-AF72-45056A644105}.Release|Any CPU.Build.0 = Release|Any CPU
		{86393982-2FB1-47A8-9E24-040A5F4BFB7D}.Debug|Any CPU.ActiveCfg = Debug|Any CPU
		{86393982-2FB1-47A8-9E24-040A5F4BFB7D}.Debug|Any CPU.Build.0 = Debug|Any CPU
		{86393982-2FB1-47A8-9E24-040A5F4BFB7D}.Release|Any CPU.ActiveCfg = Release|Any CPU
		{86393982-2FB1-47A8-9E24-040A5F4BFB7D}.Release|Any CPU.Build.0 = Release|Any CPU
	EndGlobalSection
	GlobalSection(SolutionProperties) = preSolution
		HideSolutionNode = FALSE
	EndGlobalSection
	GlobalSection(ExtensibilityGlobals) = postSolution
		SolutionGuid = {3E0B0277-0F3B-4854-9266-07E74FCCB309}
	EndGlobalSection
EndGlobal
